// !$*UTF8*$!
{
	archiveVersion = 1;
	classes = {
	};
	objectVersion = 46;
	objects = {

/* Begin PBXBuildFile section */
		20EBADB81C3C224500A65294 /* AppDelegate.swift in Sources */ = {isa = PBXBuildFile; fileRef = 20EBADB71C3C224500A65294 /* AppDelegate.swift */; };
		20EBADBD1C3C224500A65294 /* Main.storyboard in Resources */ = {isa = PBXBuildFile; fileRef = 20EBADBB1C3C224500A65294 /* Main.storyboard */; };
		20EBADBF1C3C224500A65294 /* Assets.xcassets in Resources */ = {isa = PBXBuildFile; fileRef = 20EBADBE1C3C224500A65294 /* Assets.xcassets */; };
		20EBADC21C3C224500A65294 /* LaunchScreen.storyboard in Resources */ = {isa = PBXBuildFile; fileRef = 20EBADC01C3C224500A65294 /* LaunchScreen.storyboard */; };
		20EBADCA1C3C22DC00A65294 /* MoviesViewController.swift in Sources */ = {isa = PBXBuildFile; fileRef = 20EBADC91C3C22DC00A65294 /* MoviesViewController.swift */; };
		20EBADCD1C3CA43000A65294 /* MovieCell.swift in Sources */ = {isa = PBXBuildFile; fileRef = 20EBADCC1C3CA43000A65294 /* MovieCell.swift */; };
		6B036D811C4DB7150062F3D9 /* DetailViewController.swift in Sources */ = {isa = PBXBuildFile; fileRef = 6B036D801C4DB7150062F3D9 /* DetailViewController.swift */; };
		E888595C09A6454413D57AB7 /* Pods_MovieViewer.framework in Frameworks */ = {isa = PBXBuildFile; fileRef = 1024BED2DC7C7012AF461A4A /* Pods_MovieViewer.framework */; };
/* End PBXBuildFile section */

/* Begin PBXFileReference section */
		1024BED2DC7C7012AF461A4A /* Pods_MovieViewer.framework */ = {isa = PBXFileReference; explicitFileType = wrapper.framework; includeInIndex = 0; path = Pods_MovieViewer.framework; sourceTree = BUILT_PRODUCTS_DIR; };
		20EBADB41C3C224500A65294 /* MovieViewer.app */ = {isa = PBXFileReference; explicitFileType = wrapper.application; includeInIndex = 0; path = MovieViewer.app; sourceTree = BUILT_PRODUCTS_DIR; };
		20EBADB71C3C224500A65294 /* AppDelegate.swift */ = {isa = PBXFileReference; lastKnownFileType = sourcecode.swift; path = AppDelegate.swift; sourceTree = "<group>"; };
		20EBADBC1C3C224500A65294 /* Base */ = {isa = PBXFileReference; lastKnownFileType = file.storyboard; name = Base; path = Base.lproj/Main.storyboard; sourceTree = "<group>"; };
		20EBADBE1C3C224500A65294 /* Assets.xcassets */ = {isa = PBXFileReference; lastKnownFileType = folder.assetcatalog; path = Assets.xcassets; sourceTree = "<group>"; };
		20EBADC11C3C224500A65294 /* Base */ = {isa = PBXFileReference; lastKnownFileType = file.storyboard; name = Base; path = Base.lproj/LaunchScreen.storyboard; sourceTree = "<group>"; };
		20EBADC31C3C224500A65294 /* Info.plist */ = {isa = PBXFileReference; lastKnownFileType = text.plist.xml; path = Info.plist; sourceTree = "<group>"; };
		20EBADC91C3C22DC00A65294 /* MoviesViewController.swift */ = {isa = PBXFileReference; fileEncoding = 4; lastKnownFileType = sourcecode.swift; path = MoviesViewController.swift; sourceTree = "<group>"; };
		20EBADCC1C3CA43000A65294 /* MovieCell.swift */ = {isa = PBXFileReference; fileEncoding = 4; lastKnownFileType = sourcecode.swift; path = MovieCell.swift; sourceTree = "<group>"; };
		6B036D801C4DB7150062F3D9 /* DetailViewController.swift */ = {isa = PBXFileReference; fileEncoding = 4; lastKnownFileType = sourcecode.swift; path = DetailViewController.swift; sourceTree = "<group>"; };
		79FD63522CE9E22208A82C6A /* Pods-MovieViewer.debug.xcconfig */ = {isa = PBXFileReference; includeInIndex = 1; lastKnownFileType = text.xcconfig; name = "Pods-MovieViewer.debug.xcconfig"; path = "Pods/Target Support Files/Pods-MovieViewer/Pods-MovieViewer.debug.xcconfig"; sourceTree = "<group>"; };
		EF91447E31D69C395B423344 /* Pods-MovieViewer.release.xcconfig */ = {isa = PBXFileReference; includeInIndex = 1; lastKnownFileType = text.xcconfig; name = "Pods-MovieViewer.release.xcconfig"; path = "Pods/Target Support Files/Pods-MovieViewer/Pods-MovieViewer.release.xcconfig"; sourceTree = "<group>"; };
/* End PBXFileReference section */

/* Begin PBXFrameworksBuildPhase section */
		20EBADB11C3C224500A65294 /* Frameworks */ = {
			isa = PBXFrameworksBuildPhase;
			buildActionMask = 2147483647;
			files = (
				E888595C09A6454413D57AB7 /* Pods_MovieViewer.framework in Frameworks */,
			);
			runOnlyForDeploymentPostprocessing = 0;
		};
/* End PBXFrameworksBuildPhase section */

/* Begin PBXGroup section */
		20EBADAB1C3C224400A65294 = {
			isa = PBXGroup;
			children = (
				20EBADB61C3C224500A65294 /* MovieViewer */,
				20EBADB51C3C224500A65294 /* Products */,
				3C10F42027EDA403C01D9178 /* Pods */,
				A47B1686E8DAEEB0DA3F359A /* Frameworks */,
			);
			sourceTree = "<group>";
		};
		20EBADB51C3C224500A65294 /* Products */ = {
			isa = PBXGroup;
			children = (
				20EBADB41C3C224500A65294 /* MovieViewer.app */,
			);
			name = Products;
			sourceTree = "<group>";
		};
		20EBADB61C3C224500A65294 /* MovieViewer */ = {
			isa = PBXGroup;
			children = (
				20EBADCE1C3CA43A00A65294 /* view controllers */,
				20EBADCB1C3CA3FE00A65294 /* Views */,
				20EBADB71C3C224500A65294 /* AppDelegate.swift */,
				20EBADBB1C3C224500A65294 /* Main.storyboard */,
				20EBADBE1C3C224500A65294 /* Assets.xcassets */,
				20EBADC01C3C224500A65294 /* LaunchScreen.storyboard */,
				20EBADC31C3C224500A65294 /* Info.plist */,
			);
			path = MovieViewer;
			sourceTree = "<group>";
		};
		20EBADCB1C3CA3FE00A65294 /* Views */ = {
			isa = PBXGroup;
			children = (
				20EBADCC1C3CA43000A65294 /* MovieCell.swift */,
			);
			name = Views;
			sourceTree = "<group>";
		};
		20EBADCE1C3CA43A00A65294 /* view controllers */ = {
			isa = PBXGroup;
			children = (
				20EBADC91C3C22DC00A65294 /* MoviesViewController.swift */,
				6B036D801C4DB7150062F3D9 /* DetailViewController.swift */,
			);
			name = "view controllers";
			sourceTree = "<group>";
		};
		3C10F42027EDA403C01D9178 /* Pods */ = {
			isa = PBXGroup;
			children = (
				79FD63522CE9E22208A82C6A /* Pods-MovieViewer.debug.xcconfig */,
				EF91447E31D69C395B423344 /* Pods-MovieViewer.release.xcconfig */,
			);
			name = Pods;
			sourceTree = "<group>";
		};
		A47B1686E8DAEEB0DA3F359A /* Frameworks */ = {
			isa = PBXGroup;
			children = (
				1024BED2DC7C7012AF461A4A /* Pods_MovieViewer.framework */,
			);
			name = Frameworks;
			sourceTree = "<group>";
		};
/* End PBXGroup section */

/* Begin PBXNativeTarget section */
		20EBADB31C3C224500A65294 /* MovieViewer */ = {
			isa = PBXNativeTarget;
			buildConfigurationList = 20EBADC61C3C224500A65294 /* Build configuration list for PBXNativeTarget "MovieViewer" */;
			buildPhases = (
				17247A1C4CF9F2C46DF22558 /* Check Pods Manifest.lock */,
				20EBADB01C3C224500A65294 /* Sources */,
				20EBADB11C3C224500A65294 /* Frameworks */,
				20EBADB21C3C224500A65294 /* Resources */,
				E7C3991D0793EFA427EDACC7 /* Embed Pods Frameworks */,
				4C694620C81DA6A31CE050D4 /* Copy Pods Resources */,
			);
			buildRules = (
			);
			dependencies = (
			);
			name = MovieViewer;
			productName = MovieViewer;
			productReference = 20EBADB41C3C224500A65294 /* MovieViewer.app */;
			productType = "com.apple.product-type.application";
		};
/* End PBXNativeTarget section */

/* Begin PBXProject section */
		20EBADAC1C3C224400A65294 /* Project object */ = {
			isa = PBXProject;
			attributes = {
				LastSwiftUpdateCheck = 0710;
				LastUpgradeCheck = 0710;
				ORGANIZATIONNAME = "fai k";
				TargetAttributes = {
					20EBADB31C3C224500A65294 = {
						CreatedOnToolsVersion = 7.1;
					};
				};
			};
			buildConfigurationList = 20EBADAF1C3C224400A65294 /* Build configuration list for PBXProject "MovieViewer" */;
			compatibilityVersion = "Xcode 3.2";
			developmentRegion = English;
			hasScannedForEncodings = 0;
			knownRegions = (
				en,
				Base,
			);
			mainGroup = 20EBADAB1C3C224400A65294;
			productRefGroup = 20EBADB51C3C224500A65294 /* Products */;
			projectDirPath = "";
			projectRoot = "";
			targets = (
				20EBADB31C3C224500A65294 /* MovieViewer */,
			);
		};
/* End PBXProject section */

/* Begin PBXResourcesBuildPhase section */
		20EBADB21C3C224500A65294 /* Resources */ = {
			isa = PBXResourcesBuildPhase;
			buildActionMask = 2147483647;
			files = (
				20EBADC21C3C224500A65294 /* LaunchScreen.storyboard in Resources */,
				20EBADBF1C3C224500A65294 /* Assets.xcassets in Resources */,
				20EBADBD1C3C224500A65294 /* Main.storyboard in Resources */,
			);
			runOnlyForDeploymentPostprocessing = 0;
		};
/* End PBXResourcesBuildPhase section */

/* Begin PBXShellScriptBuildPhase section */
		17247A1C4CF9F2C46DF22558 /* Check Pods Manifest.lock */ = {
			isa = PBXShellScriptBuildPhase;
			buildActionMask = 2147483647;
			files = (
			);
			inputPaths = (
			);
			name = "Check Pods Manifest.lock";
			outputPaths = (
			);
			runOnlyForDeploymentPostprocessing = 0;
			shellPath = /bin/sh;
			shellScript = "diff \"${PODS_ROOT}/../Podfile.lock\" \"${PODS_ROOT}/Manifest.lock\" > /dev/null\nif [[ $? != 0 ]] ; then\n    cat << EOM\nerror: The sandbox is not in sync with the Podfile.lock. Run 'pod install' or update your CocoaPods installation.\nEOM\n    exit 1\nfi\n";
			showEnvVarsInLog = 0;
		};
		4C694620C81DA6A31CE050D4 /* Copy Pods Resources */ = {
			isa = PBXShellScriptBuildPhase;
			buildActionMask = 2147483647;
			files = (
			);
			inputPaths = (
			);
			name = "Copy Pods Resources";
			outputPaths = (
			);
			runOnlyForDeploymentPostprocessing = 0;
			shellPath = /bin/sh;
			shellScript = "\"${SRCROOT}/Pods/Target Support Files/Pods-MovieViewer/Pods-MovieViewer-resources.sh\"\n";
			showEnvVarsInLog = 0;
		};
		E7C3991D0793EFA427EDACC7 /* Embed Pods Frameworks */ = {
			isa = PBXShellScriptBuildPhase;
			buildActionMask = 2147483647;
			files = (
			);
			inputPaths = (
			);
			name = "Embed Pods Frameworks";
			outputPaths = (
			);
			runOnlyForDeploymentPostprocessing = 0;
			shellPath = /bin/sh;
			shellScript = "\"${SRCROOT}/Pods/Target Support Files/Pods-MovieViewer/Pods-MovieViewer-frameworks.sh\"\n";
			showEnvVarsInLog = 0;
		};
/* End PBXShellScriptBuildPhase section */

/* Begin PBXSourcesBuildPhase section */
		20EBADB01C3C224500A65294 /* Sources */ = {
			isa = PBXSourcesBuildPhase;
			buildActionMask = 2147483647;
			files = (
				20EBADB81C3C224500A65294 /* AppDelegate.swift in Sources */,
				20EBADCA1C3C22DC00A65294 /* MoviesViewController.swift in Sources */,
				20EBADCD1C3CA43000A65294 /* MovieCell.swift in Sources */,
				6B036D811C4DB7150062F3D9 /* DetailViewController.swift in Sources */,
			);
			runOnlyForDeploymentPostprocessing = 0;
		};
/* End PBXSourcesBuildPhase section */

/* Begin PBXVariantGroup section */
		20EBADBB1C3C224500A65294 /* Main.storyboard */ = {
			isa = PBXVariantGroup;
			children = (
				20EBADBC1C3C224500A65294 /* Base */,
			);
			name = Main.storyboard;
			sourceTree = "<group>";
		};
		20EBADC01C3C224500A65294 /* LaunchScreen.storyboard */ = {
			isa = PBXVariantGroup;
			children = (
				20EBADC11C3C224500A65294 /* Base */,
			);
			name = LaunchScreen.storyboard;
			sourceTree = "<group>";
		};
/* End PBXVariantGroup section */

/* Begin XCBuildConfiguration section */
		20EBADC41C3C224500A65294 /* Debug */ = {
			isa = XCBuildConfiguration;
			buildSettings = {
				ALWAYS_SEARCH_USER_PATHS = NO;
				CLANG_CXX_LANGUAGE_STANDARD = "gnu++0x";
				CLANG_CXX_LIBRARY = "libc++";
				CLANG_ENABLE_MODULES = YES;
				CLANG_ENABLE_OBJC_ARC = YES;
				CLANG_WARN_BOOL_CONVERSION = YES;
				CLANG_WARN_CONSTANT_CONVERSION = YES;
				CLANG_WARN_DIRECT_OBJC_ISA_USAGE = YES_ERROR;
				CLANG_WARN_EMPTY_BODY = YES;
				CLANG_WARN_ENUM_CONVERSION = YES;
				CLANG_WARN_INT_CONVERSION = YES;
				CLANG_WARN_OBJC_ROOT_CLASS = YES_ERROR;
				CLANG_WARN_UNREACHABLE_CODE = YES;
				CLANG_WARN__DUPLICATE_METHOD_MATCH = YES;
				"CODE_SIGN_IDENTITY[sdk=iphoneos*]" = "iPhone Developer";
				COPY_PHASE_STRIP = NO;
				DEBUG_INFORMATION_FORMAT = dwarf;
				ENABLE_STRICT_OBJC_MSGSEND = YES;
				ENABLE_TESTABILITY = YES;
				GCC_C_LANGUAGE_STANDARD = gnu99;
				GCC_DYNAMIC_NO_PIC = NO;
				GCC_NO_COMMON_BLOCKS = YES;
				GCC_OPTIMIZATION_LEVEL = 0;
				GCC_PREPROCESSOR_DEFINITIONS = (
					"DEBUG=1",
					"$(inherited)",
				);
				GCC_WARN_64_TO_32_BIT_CONVERSION = YES;
				GCC_WARN_ABOUT_RETURN_TYPE = YES_ERROR;
				GCC_WARN_UNDECLARED_SELECTOR = YES;
				GCC_WARN_UNINITIALIZED_AUTOS = YES_AGGRESSIVE;
				GCC_WARN_UNUSED_FUNCTION = YES;
				GCC_WARN_UNUSED_VARIABLE = YES;
				IPHONEOS_DEPLOYMENT_TARGET = 9.1;
				MTL_ENABLE_DEBUG_INFO = YES;
				ONLY_ACTIVE_ARCH = YES;
				SDKROOT = iphoneos;
				SWIFT_OPTIMIZATION_LEVEL = "-Onone";
			};
			name = Debug;
		};
		20EBADC51C3C224500A65294 /* Release */ = {
			isa = XCBuildConfiguration;
			buildSettings = {
				ALWAYS_SEARCH_USER_PATHS = NO;
				CLANG_CXX_LANGUAGE_STANDARD = "gnu++0x";
				CLANG_CXX_LIBRARY = "libc++";
				CLANG_ENABLE_MODULES = YES;
				CLANG_ENABLE_OBJC_ARC = YES;
				CLANG_WARN_BOOL_CONVERSION = YES;
				CLANG_WARN_CONSTANT_CONVERSION = YES;
				CLANG_WARN_DIRECT_OBJC_ISA_USAGE = YES_ERROR;
				CLANG_WARN_EMPTY_BODY = YES;
				CLANG_WARN_ENUM_CONVERSION = YES;
				CLANG_WARN_INT_CONVERSION = YES;
				CLANG_WARN_OBJC_ROOT_CLASS = YES_ERROR;
				CLANG_WARN_UNREACHABLE_CODE = YES;
				CLANG_WARN__DUPLICATE_METHOD_MATCH = YES;
				"CODE_SIGN_IDENTITY[sdk=iphoneos*]" = "iPhone Developer";
				COPY_PHASE_STRIP = NO;
				DEBUG_INFORMATION_FORMAT = "dwarf-with-dsym";
				ENABLE_NS_ASSERTIONS = NO;
				ENABLE_STRICT_OBJC_MSGSEND = YES;
				GCC_C_LANGUAGE_STANDARD = gnu99;
				GCC_NO_COMMON_BLOCKS = YES;
				GCC_WARN_64_TO_32_BIT_CONVERSION = YES;
				GCC_WARN_ABOUT_RETURN_TYPE = YES_ERROR;
				GCC_WARN_UNDECLARED_SELECTOR = YES;
				GCC_WARN_UNINITIALIZED_AUTOS = YES_AGGRESSIVE;
				GCC_WARN_UNUSED_FUNCTION = YES;
				GCC_WARN_UNUSED_VARIABLE = YES;
				IPHONEOS_DEPLOYMENT_TARGET = 9.1;
				MTL_ENABLE_DEBUG_INFO = NO;
				SDKROOT = iphoneos;
				VALIDATE_PRODUCT = YES;
			};
			name = Release;
		};
		20EBADC71C3C224500A65294 /* Debug */ = {
			isa = XCBuildConfiguration;
			baseConfigurationReference = 79FD63522CE9E22208A82C6A /* Pods-MovieViewer.debug.xcconfig */;
			buildSettings = {
				ASSETCATALOG_COMPILER_APPICON_NAME = AppIcon;
				INFOPLIST_FILE = MovieViewer/Info.plist;
				LD_RUNPATH_SEARCH_PATHS = "$(inherited) @executable_path/Frameworks";
				PRODUCT_BUNDLE_IDENTIFIER = com.fai.MovieViewer;
				PRODUCT_NAME = "$(TARGET_NAME)";
			};
			name = Debug;
		};
		20EBADC81C3C224500A65294 /* Release */ = {
			isa = XCBuildConfiguration;
			baseConfigurationReference = EF91447E31D69C395B423344 /* Pods-MovieViewer.release.xcconfig */;
			buildSettings = {
				ASSETCATALOG_COMPILER_APPICON_NAME = AppIcon;
				INFOPLIST_FILE = MovieViewer/Info.plist;
				LD_RUNPATH_SEARCH_PATHS = "$(inherited) @executable_path/Frameworks";
				PRODUCT_BUNDLE_IDENTIFIER = com.fai.MovieViewer;
				PRODUCT_NAME = "$(TARGET_NAME)";
			};
			name = Release;
		};
/* End XCBuildConfiguration section */

/* Begin XCConfigurationList section */
		20EBADAF1C3C224400A65294 /* Build configuration list for PBXProject "MovieViewer" */ = {
			isa = XCConfigurationList;
			buildConfigurations = (
				20EBADC41C3C224500A65294 /* Debug */,
				20EBADC51C3C224500A65294 /* Release */,
			);
			defaultConfigurationIsVisible = 0;
			defaultConfigurationName = Release;
		};
		20EBADC61C3C224500A65294 /* Build configuration list for PBXNativeTarget "MovieViewer" */ = {
			isa = XCConfigurationList;
			buildConfigurations = (
				20EBADC71C3C224500A65294 /* Debug */,
				20EBADC81C3C224500A65294 /* Release */,
			);
			defaultConfigurationIsVisible = 0;
			defaultConfigurationName = Release;
		};
/* End XCConfigurationList section */
	};
	rootObject = 20EBADAC1C3C224400A65294 /* Project object */;
}
